{
  "version": "5",
  "specifiers": {
    "jsr:@fhss-web-team/backend-utils@1": "1.0.0",
    "jsr:@oak/commons@1": "1.0.1",
    "jsr:@oak/oak@*": "17.1.4",
    "jsr:@oak/oak@^17.1.4": "17.1.4",
    "jsr:@std/assert@1": "1.0.13",
    "jsr:@std/assert@^1.0.12": "1.0.13",
    "jsr:@std/async@^1.0.12": "1.0.13",
    "jsr:@std/bytes@1": "1.0.5",
    "jsr:@std/crypto@1": "1.0.4",
    "jsr:@std/data-structures@^1.0.6": "1.0.7",
    "jsr:@std/dotenv@*": "0.225.3",
    "jsr:@std/encoding@1": "1.0.10",
    "jsr:@std/encoding@^1.0.10": "1.0.10",
    "jsr:@std/encoding@^1.0.7": "1.0.7",
    "jsr:@std/expect@^1.0.15": "1.0.15",
    "jsr:@std/fmt@^1.0.5": "1.0.7",
    "jsr:@std/fs@^1.0.16": "1.0.17",
    "jsr:@std/http@1": "1.0.15",
    "jsr:@std/internal@^1.0.6": "1.0.6",
    "jsr:@std/media-types@1": "1.1.0",
    "jsr:@std/path@1": "1.0.9",
    "jsr:@std/path@^1.0.8": "1.0.9",
    "jsr:@std/path@^1.0.9": "1.0.9",
    "jsr:@std/testing@^1.0.11": "1.0.11",
    "npm:@faker-js/faker@^9.6.0": "9.7.0",
    "npm:@faker-js/faker@^9.7.0": "9.7.0",
    "npm:@prisma/client@^6.7.0": "6.7.0_prisma@6.7.0",
    "npm:@types/node@*": "22.12.0",
    "npm:jose@^6.0.10": "6.0.10",
    "npm:minio@^8.0.5": "8.0.5",
    "npm:path-to-regexp@^6.3.0": "6.3.0",
    "npm:prisma@*": "6.7.0",
    "npm:prisma@^6.7.0": "6.7.0"
  },
  "jsr": {
    "@fhss-web-team/backend-utils@1.0.0": {
      "integrity": "f68a0dff367c102c06f27cc6d5d0c6bdceb1e03f6fdeeb47d376d8b975e238c6",
      "dependencies": [
        "jsr:@oak/oak@^17.1.4",
        "jsr:@std/fmt",
        "npm:@faker-js/faker@^9.6.0",
        "npm:jose",
        "npm:minio"
      ]
    },
    "@oak/commons@1.0.0": {
      "integrity": "49805b55603c3627a9d6235c0655aa2b6222d3036b3a13ff0380c16368f607ac",
      "dependencies": [
        "jsr:@std/assert@1",
        "jsr:@std/bytes",
        "jsr:@std/crypto",
        "jsr:@std/encoding@1",
        "jsr:@std/http",
        "jsr:@std/media-types"
      ]
    },
    "@oak/commons@1.0.1": {
      "integrity": "889ff210f0b4292591721be07244ecb1b5c118742f5273c70cf30d7cd4184d0c",
      "dependencies": [
        "jsr:@std/assert@1",
        "jsr:@std/bytes",
        "jsr:@std/crypto",
        "jsr:@std/encoding@1",
        "jsr:@std/http",
        "jsr:@std/media-types"
      ]
    },
    "@oak/oak@17.1.4": {
      "integrity": "60530b582bf276ff741e39cc664026781aa08dd5f2bc5134d756cc427bf2c13e",
      "dependencies": [
        "jsr:@oak/commons",
        "jsr:@std/assert@1",
        "jsr:@std/bytes",
        "jsr:@std/http",
        "jsr:@std/media-types",
        "jsr:@std/path@1",
        "npm:path-to-regexp"
      ]
    },
    "@std/assert@1.0.13": {
      "integrity": "ae0d31e41919b12c656c742b22522c32fb26ed0cba32975cb0de2a273cb68b29",
      "dependencies": [
        "jsr:@std/internal"
      ]
    },
    "@std/async@1.0.13": {
      "integrity": "1d76ca5d324aef249908f7f7fe0d39aaf53198e5420604a59ab5c035adc97c96"
    },
    "@std/bytes@1.0.5": {
      "integrity": "4465dd739d7963d964c809202ebea6d5c6b8e3829ef25c6a224290fbb8a1021e"
    },
    "@std/crypto@1.0.4": {
      "integrity": "cee245c453bd5366207f4d8aa25ea3e9c86cecad2be3fefcaa6cb17203d79340"
    },
    "@std/data-structures@1.0.7": {
      "integrity": "16932d2c8d281f65eaaa2209af2473209881e33b1ced54cd1b015e7b4cdbb0d2"
    },
    "@std/dotenv@0.225.3": {
      "integrity": "a95e5b812c27b0854c52acbae215856d9cce9d4bbf774d938c51d212711e8d4a"
    },
    "@std/encoding@1.0.7": {
      "integrity": "f631247c1698fef289f2de9e2a33d571e46133b38d042905e3eac3715030a82d"
    },
    "@std/encoding@1.0.10": {
      "integrity": "8783c6384a2d13abd5e9e87a7ae0520a30e9f56aeeaa3bdf910a3eaaf5c811a1"
    },
    "@std/expect@1.0.15": {
      "integrity": "eca360007b5a7f13dbfa1294224baee7fb98dcd460d8461fe64eeae302902945",
      "dependencies": [
        "jsr:@std/assert@^1.0.12",
        "jsr:@std/internal"
      ]
    },
    "@std/fmt@1.0.6": {
      "integrity": "a2c56a69a2369876ddb3ad6a500bb6501b5bad47bb3ea16bfb0c18974d2661fc"
    },
    "@std/fmt@1.0.7": {
      "integrity": "2a727c043d8df62cd0b819b3fb709b64dd622e42c3b1bb817ea7e6cc606360fb"
    },
    "@std/fs@1.0.17": {
      "integrity": "1c00c632677c1158988ef7a004cb16137f870aafdb8163b9dce86ec652f3952b",
      "dependencies": [
        "jsr:@std/path@^1.0.9"
      ]
    },
    "@std/http@1.0.13": {
      "integrity": "d29618b982f7ae44380111f7e5b43da59b15db64101198bb5f77100d44eb1e1e",
      "dependencies": [
        "jsr:@std/encoding@^1.0.7"
      ]
    },
    "@std/http@1.0.15": {
      "integrity": "435a4934b4e196e82a8233f724da525f7b7112f3566502f28815e94764c19159",
      "dependencies": [
        "jsr:@std/encoding@^1.0.10"
      ]
    },
    "@std/internal@1.0.6": {
      "integrity": "9533b128f230f73bd209408bb07a4b12f8d4255ab2a4d22a1fd6d87304aca9a4"
    },
    "@std/media-types@1.1.0": {
      "integrity": "c9d093f0c05c3512932b330e3cc1fe1d627b301db33a4c2c2185c02471d6eaa4"
    },
    "@std/path@1.0.9": {
      "integrity": "260a49f11edd3db93dd38350bf9cd1b4d1366afa98e81b86167b4e3dd750129e"
    },
    "@std/testing@1.0.11": {
      "integrity": "12b3db12d34f0f385a26248933bde766c0f8c5ad8b6ab34d4d38f528ab852f48",
      "dependencies": [
        "jsr:@std/assert@^1.0.12",
        "jsr:@std/async",
        "jsr:@std/data-structures",
        "jsr:@std/fs",
        "jsr:@std/internal",
        "jsr:@std/path@^1.0.8"
      ]
    }
  },
  "npm": {
    "@esbuild/aix-ppc64@0.25.3": {
      "integrity": "sha512-W8bFfPA8DowP8l//sxjJLSLkD8iEjMc7cBVyP+u4cEv9sM7mdUCkgsj+t0n/BWPFtv7WWCN5Yzj0N6FJNUUqBQ==",
      "os": ["aix"],
      "cpu": ["ppc64"]
    },
    "@esbuild/android-arm64@0.25.3": {
      "integrity": "sha512-XelR6MzjlZuBM4f5z2IQHK6LkK34Cvv6Rj2EntER3lwCBFdg6h2lKbtRjpTTsdEjD/WSe1q8UyPBXP1x3i/wYQ==",
      "os": ["android"],
      "cpu": ["arm64"]
    },
    "@esbuild/android-arm@0.25.3": {
      "integrity": "sha512-PuwVXbnP87Tcff5I9ngV0lmiSu40xw1At6i3GsU77U7cjDDB4s0X2cyFuBiDa1SBk9DnvWwnGvVaGBqoFWPb7A==",
      "os": ["android"],
      "cpu": ["arm"]
    },
    "@esbuild/android-x64@0.25.3": {
      "integrity": "sha512-ogtTpYHT/g1GWS/zKM0cc/tIebFjm1F9Aw1boQ2Y0eUQ+J89d0jFY//s9ei9jVIlkYi8AfOjiixcLJSGNSOAdQ==",
      "os": ["android"],
      "cpu": ["x64"]
    },
    "@esbuild/darwin-arm64@0.25.3": {
      "integrity": "sha512-eESK5yfPNTqpAmDfFWNsOhmIOaQA59tAcF/EfYvo5/QWQCzXn5iUSOnqt3ra3UdzBv073ykTtmeLJZGt3HhA+w==",
      "os": ["darwin"],
      "cpu": ["arm64"]
    },
    "@esbuild/darwin-x64@0.25.3": {
      "integrity": "sha512-Kd8glo7sIZtwOLcPbW0yLpKmBNWMANZhrC1r6K++uDR2zyzb6AeOYtI6udbtabmQpFaxJ8uduXMAo1gs5ozz8A==",
      "os": ["darwin"],
      "cpu": ["x64"]
    },
    "@esbuild/freebsd-arm64@0.25.3": {
      "integrity": "sha512-EJiyS70BYybOBpJth3M0KLOus0n+RRMKTYzhYhFeMwp7e/RaajXvP+BWlmEXNk6uk+KAu46j/kaQzr6au+JcIw==",
      "os": ["freebsd"],
      "cpu": ["arm64"]
    },
    "@esbuild/freebsd-x64@0.25.3": {
      "integrity": "sha512-Q+wSjaLpGxYf7zC0kL0nDlhsfuFkoN+EXrx2KSB33RhinWzejOd6AvgmP5JbkgXKmjhmpfgKZq24pneodYqE8Q==",
      "os": ["freebsd"],
      "cpu": ["x64"]
    },
    "@esbuild/linux-arm64@0.25.3": {
      "integrity": "sha512-xCUgnNYhRD5bb1C1nqrDV1PfkwgbswTTBRbAd8aH5PhYzikdf/ddtsYyMXFfGSsb/6t6QaPSzxtbfAZr9uox4A==",
      "os": ["linux"],
      "cpu": ["arm64"]
    },
    "@esbuild/linux-arm@0.25.3": {
      "integrity": "sha512-dUOVmAUzuHy2ZOKIHIKHCm58HKzFqd+puLaS424h6I85GlSDRZIA5ycBixb3mFgM0Jdh+ZOSB6KptX30DD8YOQ==",
      "os": ["linux"],
      "cpu": ["arm"]
    },
    "@esbuild/linux-ia32@0.25.3": {
      "integrity": "sha512-yplPOpczHOO4jTYKmuYuANI3WhvIPSVANGcNUeMlxH4twz/TeXuzEP41tGKNGWJjuMhotpGabeFYGAOU2ummBw==",
      "os": ["linux"],
      "cpu": ["ia32"]
    },
    "@esbuild/linux-loong64@0.25.3": {
      "integrity": "sha512-P4BLP5/fjyihmXCELRGrLd793q/lBtKMQl8ARGpDxgzgIKJDRJ/u4r1A/HgpBpKpKZelGct2PGI4T+axcedf6g==",
      "os": ["linux"],
      "cpu": ["loong64"]
    },
    "@esbuild/linux-mips64el@0.25.3": {
      "integrity": "sha512-eRAOV2ODpu6P5divMEMa26RRqb2yUoYsuQQOuFUexUoQndm4MdpXXDBbUoKIc0iPa4aCO7gIhtnYomkn2x+bag==",
      "os": ["linux"],
      "cpu": ["mips64el"]
    },
    "@esbuild/linux-ppc64@0.25.3": {
      "integrity": "sha512-ZC4jV2p7VbzTlnl8nZKLcBkfzIf4Yad1SJM4ZMKYnJqZFD4rTI+pBG65u8ev4jk3/MPwY9DvGn50wi3uhdaghg==",
      "os": ["linux"],
      "cpu": ["ppc64"]
    },
    "@esbuild/linux-riscv64@0.25.3": {
      "integrity": "sha512-LDDODcFzNtECTrUUbVCs6j9/bDVqy7DDRsuIXJg6so+mFksgwG7ZVnTruYi5V+z3eE5y+BJZw7VvUadkbfg7QA==",
      "os": ["linux"],
      "cpu": ["riscv64"]
    },
    "@esbuild/linux-s390x@0.25.3": {
      "integrity": "sha512-s+w/NOY2k0yC2p9SLen+ymflgcpRkvwwa02fqmAwhBRI3SC12uiS10edHHXlVWwfAagYSY5UpmT/zISXPMW3tQ==",
      "os": ["linux"],
      "cpu": ["s390x"]
    },
    "@esbuild/linux-x64@0.25.3": {
      "integrity": "sha512-nQHDz4pXjSDC6UfOE1Fw9Q8d6GCAd9KdvMZpfVGWSJztYCarRgSDfOVBY5xwhQXseiyxapkiSJi/5/ja8mRFFA==",
      "os": ["linux"],
      "cpu": ["x64"]
    },
    "@esbuild/netbsd-arm64@0.25.3": {
      "integrity": "sha512-1QaLtOWq0mzK6tzzp0jRN3eccmN3hezey7mhLnzC6oNlJoUJz4nym5ZD7mDnS/LZQgkrhEbEiTn515lPeLpgWA==",
      "os": ["netbsd"],
      "cpu": ["arm64"]
    },
    "@esbuild/netbsd-x64@0.25.3": {
      "integrity": "sha512-i5Hm68HXHdgv8wkrt+10Bc50zM0/eonPb/a/OFVfB6Qvpiirco5gBA5bz7S2SHuU+Y4LWn/zehzNX14Sp4r27g==",
      "os": ["netbsd"],
      "cpu": ["x64"]
    },
    "@esbuild/openbsd-arm64@0.25.3": {
      "integrity": "sha512-zGAVApJEYTbOC6H/3QBr2mq3upG/LBEXr85/pTtKiv2IXcgKV0RT0QA/hSXZqSvLEpXeIxah7LczB4lkiYhTAQ==",
      "os": ["openbsd"],
      "cpu": ["arm64"]
    },
    "@esbuild/openbsd-x64@0.25.3": {
      "integrity": "sha512-fpqctI45NnCIDKBH5AXQBsD0NDPbEFczK98hk/aa6HJxbl+UtLkJV2+Bvy5hLSLk3LHmqt0NTkKNso1A9y1a4w==",
      "os": ["openbsd"],
      "cpu": ["x64"]
    },
    "@esbuild/sunos-x64@0.25.3": {
      "integrity": "sha512-ROJhm7d8bk9dMCUZjkS8fgzsPAZEjtRJqCAmVgB0gMrvG7hfmPmz9k1rwO4jSiblFjYmNvbECL9uhaPzONMfgA==",
      "os": ["sunos"],
      "cpu": ["x64"]
    },
    "@esbuild/win32-arm64@0.25.3": {
      "integrity": "sha512-YWcow8peiHpNBiIXHwaswPnAXLsLVygFwCB3A7Bh5jRkIBFWHGmNQ48AlX4xDvQNoMZlPYzjVOQDYEzWCqufMQ==",
      "os": ["win32"],
      "cpu": ["arm64"]
    },
    "@esbuild/win32-ia32@0.25.3": {
      "integrity": "sha512-qspTZOIGoXVS4DpNqUYUs9UxVb04khS1Degaw/MnfMe7goQ3lTfQ13Vw4qY/Nj0979BGvMRpAYbs/BAxEvU8ew==",
      "os": ["win32"],
      "cpu": ["ia32"]
    },
    "@esbuild/win32-x64@0.25.3": {
      "integrity": "sha512-ICgUR+kPimx0vvRzf+N/7L7tVSQeE3BYY+NhHRHXS1kBuPO7z2+7ea2HbhDyZdTephgvNvKrlDDKUexuCVBVvg==",
      "os": ["win32"],
      "cpu": ["x64"]
    },
    "@faker-js/faker@9.7.0": {
      "integrity": "sha512-aozo5vqjCmDoXLNUJarFZx2IN/GgGaogY4TMJ6so/WLZOWpSV7fvj2dmrV6sEAnUm1O7aCrhTibjpzeDFgNqbg=="
    },
    "@prisma/client@6.7.0_prisma@6.7.0": {
      "integrity": "sha512-+k61zZn1XHjbZul8q6TdQLpuI/cvyfil87zqK2zpreNIXyXtpUv3+H/oM69hcsFcZXaokHJIzPAt5Z8C8eK2QA==",
      "dependencies": [
        "prisma"
      ],
      "optionalPeers": [
        "prisma",
        "typescript@>=5.1.0"
      ],
      "scripts": true
    },
    "@prisma/config@6.7.0_esbuild@0.25.3": {
      "integrity": "sha512-di8QDdvSz7DLUi3OOcCHSwxRNeW7jtGRUD2+Z3SdNE3A+pPiNT8WgUJoUyOwJmUr5t+JA2W15P78C/N+8RXrOA==",
      "dependencies": [
        "esbuild",
        "esbuild-register"
      ]
    },
    "@prisma/debug@6.7.0": {
      "integrity": "sha512-RabHn9emKoYFsv99RLxvfG2GHzWk2ZI1BuVzqYtmMSIcuGboHY5uFt3Q3boOREM9de6z5s3bQoyKeWnq8Fz22w=="
    },
    "@prisma/engines-version@6.7.0-36.3cff47a7f5d65c3ea74883f1d736e41d68ce91ed": {
      "integrity": "sha512-EvpOFEWf1KkJpDsBCrih0kg3HdHuaCnXmMn7XFPObpFTzagK1N0Q0FMnYPsEhvARfANP5Ok11QyoTIRA2hgJTA=="
    },
    "@prisma/engines@6.7.0": {
      "integrity": "sha512-3wDMesnOxPrOsq++e5oKV9LmIiEazFTRFZrlULDQ8fxdub5w4NgRBoxtWbvXmj2nJVCnzuz6eFix3OhIqsZ1jw==",
      "dependencies": [
        "@prisma/debug",
        "@prisma/engines-version",
        "@prisma/fetch-engine",
        "@prisma/get-platform"
      ],
      "scripts": true
    },
    "@prisma/fetch-engine@6.7.0": {
      "integrity": "sha512-zLlAGnrkmioPKJR4Yf7NfW3hftcvqeNNEHleMZK9yX7RZSkhmxacAYyfGsCcqRt47jiZ7RKdgE0Wh2fWnm7WsQ==",
      "dependencies": [
        "@prisma/debug",
        "@prisma/engines-version",
        "@prisma/get-platform"
      ]
    },
    "@prisma/get-platform@6.7.0": {
      "integrity": "sha512-i9IH5lO4fQwnMLvQLYNdgVh9TK3PuWBfQd7QLk/YurnAIg+VeADcZDbmhAi4XBBDD+hDif9hrKyASu0hbjwabw==",
      "dependencies": [
        "@prisma/debug"
      ]
    },
    "@types/node@22.12.0": {
      "integrity": "sha512-Fll2FZ1riMjNmlmJOdAyY5pUbkftXslB5DgEzlIuNaiWhXd00FhWxVC/r4yV/4wBb9JfImTu+jiSvXTkJ7F/gA==",
      "dependencies": [
        "undici-types"
      ]
    },
    "@zxing/text-encoding@0.9.0": {
      "integrity": "sha512-U/4aVJ2mxI0aDNI8Uq0wEhMgY+u4CNtEb0om3+y3+niDAsoTCOB33UF0sxpzqzdqXLqmvc+vZyAt4O8pPdfkwA=="
    },
    "async@3.2.6": {
      "integrity": "sha512-htCUDlxyyCLMgaM3xXg0C0LW2xqfuQ6p05pCEIsXuyQ+a1koYKTuBMzRNwmybfLgvJDMd0r1LTn4+E0Ti6C2AA=="
    },
    "available-typed-arrays@1.0.7": {
      "integrity": "sha512-wvUjBtSGN7+7SjNpq/9M2Tg350UZD3q62IFZLbRAR1bSMlCo1ZaeW+BJ+D090e4hIIZLBcTDWe4Mh4jvUDajzQ==",
      "dependencies": [
        "possible-typed-array-names"
      ]
    },
    "block-stream2@2.1.0": {
      "integrity": "sha512-suhjmLI57Ewpmq00qaygS8UgEq2ly2PCItenIyhMqVjo4t4pGzqMvfgJuX8iWTeSDdfSSqS6j38fL4ToNL7Pfg==",
      "dependencies": [
        "readable-stream"
      ]
    },
    "browser-or-node@2.1.1": {
      "integrity": "sha512-8CVjaLJGuSKMVTxJ2DpBl5XnlNDiT4cQFeuCJJrvJmts9YrTZDizTX7PjC2s6W4x+MBGZeEY6dGMrF04/6Hgqg=="
    },
    "buffer-crc32@1.0.0": {
      "integrity": "sha512-Db1SbgBS/fg/392AblrMJk97KggmvYhr4pB5ZIMTWtaivCPMWLkmb7m21cJvpvgK+J3nsU2CmmixNBZx4vFj/w=="
    },
    "call-bind-apply-helpers@1.0.2": {
      "integrity": "sha512-Sp1ablJ0ivDkSzjcaJdxEunN5/XvksFJ2sMBFfq6x0ryhQV/2b/KwFe21cMpmHtPOSij8K99/wSfoEuTObmuMQ==",
      "dependencies": [
        "es-errors",
        "function-bind"
      ]
    },
    "call-bind@1.0.8": {
      "integrity": "sha512-oKlSFMcMwpUg2ednkhQ454wfWiU/ul3CkJe/PEHcTKuiX6RpbehUiFMXu13HalGZxfUwCQzZG747YXBn1im9ww==",
      "dependencies": [
        "call-bind-apply-helpers",
        "es-define-property",
        "get-intrinsic",
        "set-function-length"
      ]
    },
    "call-bound@1.0.4": {
      "integrity": "sha512-+ys997U96po4Kx/ABpBCqhA9EuxJaQWDQg7295H4hBphv3IZg0boBKuwYpt4YXp6MZ5AmZQnU/tyMTlRpaSejg==",
      "dependencies": [
        "call-bind-apply-helpers",
        "get-intrinsic"
      ]
    },
    "debug@4.4.0": {
      "integrity": "sha512-6WTZ/IxCY/T6BALoZHaE4ctp9xm+Z5kY/pzYaCHRFeyVhojxlrm+46y68HA6hr0TcwEssoxNiDEUJQjfPZ/RYA==",
      "dependencies": [
        "ms"
      ]
    },
    "decode-uri-component@0.2.2": {
      "integrity": "sha512-FqUYQ+8o158GyGTrMFJms9qh3CqTKvAqgqsTnkLI8sKu0028orqBhxNMFkFen0zGyg6epACD32pjVk58ngIErQ=="
    },
    "define-data-property@1.1.4": {
      "integrity": "sha512-rBMvIzlpA8v6E+SJZoo++HAYqsLrkg7MSfIinMPFhmkorw7X+dOXVJQs+QT69zGkzMyfDnIMN2Wid1+NbL3T+A==",
      "dependencies": [
        "es-define-property",
        "es-errors",
        "gopd"
      ]
    },
    "dunder-proto@1.0.1": {
      "integrity": "sha512-KIN/nDJBQRcXw0MLVhZE9iQHmG68qAVIBg9CqmUYjmQIhgij9U5MFvrqkUL5FbtyyzZuOeOt0zdeRe4UY7ct+A==",
      "dependencies": [
        "call-bind-apply-helpers",
        "es-errors",
        "gopd"
      ]
    },
    "es-define-property@1.0.1": {
      "integrity": "sha512-e3nRfgfUZ4rNGL232gUgX06QNyyez04KdjFrF+LTRoOXmrOgFKDg4BCdsjW8EnT69eqdYGmRpJwiPVYNrCaW3g=="
    },
    "es-errors@1.3.0": {
      "integrity": "sha512-Zf5H2Kxt2xjTvbJvP2ZWLEICxA6j+hAmMzIlypy4xcBg1vKVnx89Wy0GbS+kf5cwCVFFzdCFh2XSCFNULS6csw=="
    },
    "es-object-atoms@1.1.1": {
      "integrity": "sha512-FGgH2h8zKNim9ljj7dankFPcICIK9Cp5bm+c2gQSYePhpaG5+esrLODihIorn+Pe6FGJzWhXQotPv73jTaldXA==",
      "dependencies": [
        "es-errors"
      ]
    },
    "esbuild-register@3.6.0_esbuild@0.25.3": {
      "integrity": "sha512-H2/S7Pm8a9CL1uhp9OvjwrBh5Pvx0H8qVOxNu8Wed9Y7qv56MPtq+GGM8RJpq6glYJn9Wspr8uw7l55uyinNeg==",
      "dependencies": [
        "debug",
        "esbuild"
      ]
    },
    "esbuild@0.25.3": {
      "integrity": "sha512-qKA6Pvai73+M2FtftpNKRxJ78GIjmFXFxd/1DVBqGo/qNhLSfv+G12n9pNoWdytJC8U00TrViOwpjT0zgqQS8Q==",
      "optionalDependencies": [
        "@esbuild/aix-ppc64",
        "@esbuild/android-arm",
        "@esbuild/android-arm64",
        "@esbuild/android-x64",
        "@esbuild/darwin-arm64",
        "@esbuild/darwin-x64",
        "@esbuild/freebsd-arm64",
        "@esbuild/freebsd-x64",
        "@esbuild/linux-arm",
        "@esbuild/linux-arm64",
        "@esbuild/linux-ia32",
        "@esbuild/linux-loong64",
        "@esbuild/linux-mips64el",
        "@esbuild/linux-ppc64",
        "@esbuild/linux-riscv64",
        "@esbuild/linux-s390x",
        "@esbuild/linux-x64",
        "@esbuild/netbsd-arm64",
        "@esbuild/netbsd-x64",
        "@esbuild/openbsd-arm64",
        "@esbuild/openbsd-x64",
        "@esbuild/sunos-x64",
        "@esbuild/win32-arm64",
        "@esbuild/win32-ia32",
        "@esbuild/win32-x64"
      ],
      "scripts": true,
      "bin": true
    },
    "eventemitter3@5.0.1": {
      "integrity": "sha512-GWkBvjiSZK87ELrYOSESUYeVIc9mvLLf/nXalMOS5dYrgZq9o5OVkbZAVM06CVxYsCwH9BDZFPlQTlPA1j4ahA=="
    },
    "fast-xml-parser@4.5.3": {
      "integrity": "sha512-RKihhV+SHsIUGXObeVy9AXiBbFwkVk7Syp8XgwN5U3JV416+Gwp/GO9i0JYKmikykgz/UHRrrV4ROuZEo/T0ig==",
      "dependencies": [
        "strnum"
      ],
      "bin": true
    },
    "filter-obj@1.1.0": {
      "integrity": "sha512-8rXg1ZnX7xzy2NGDVkBVaAy+lSlPNwad13BtgSlLuxfIslyt5Vg64U7tFcCt4WS1R0hvtnQybT/IyCkGZ3DpXQ=="
    },
    "for-each@0.3.5": {
      "integrity": "sha512-dKx12eRCVIzqCxFGplyFKJMPvLEWgmNtUrpTiJIR5u97zEhRG8ySrtboPHZXx7daLxQVrl643cTzbab2tkQjxg==",
      "dependencies": [
        "is-callable"
      ]
    },
    "fsevents@2.3.3": {
      "integrity": "sha512-5xoDfX+fL7faATnagmWPpbFtwh/R77WmMMqqHGS65C3vvB0YHrgF+B1YmZ3441tMj5n63k0212XNoJwzlhffQw==",
      "os": ["darwin"],
      "scripts": true
    },
    "function-bind@1.1.2": {
      "integrity": "sha512-7XHNxH7qX9xG5mIwxkhumTox/MIRNcOgDrxWsMt2pAr23WHp6MrRlN7FBSFpCpr+oVO0F744iUgR82nJMfG2SA=="
    },
    "get-intrinsic@1.3.0": {
      "integrity": "sha512-9fSjSaos/fRIVIp+xSJlE6lfwhES7LNtKaCBIamHsjr2na1BiABJPo0mOjjz8GJDURarmCPGqaiVg5mfjb98CQ==",
      "dependencies": [
        "call-bind-apply-helpers",
        "es-define-property",
        "es-errors",
        "es-object-atoms",
        "function-bind",
        "get-proto",
        "gopd",
        "has-symbols",
        "hasown",
        "math-intrinsics"
      ]
    },
    "get-proto@1.0.1": {
      "integrity": "sha512-sTSfBjoXBp89JvIKIefqw7U2CCebsc74kiY6awiGogKtoSGbgjYE/G/+l9sF3MWFPNc9IcoOC4ODfKHfxFmp0g==",
      "dependencies": [
        "dunder-proto",
        "es-object-atoms"
      ]
    },
    "gopd@1.2.0": {
      "integrity": "sha512-ZUKRh6/kUFoAiTAtTYPZJ3hw9wNxx+BIBOijnlG9PnrJsCcSjs1wyyD6vJpaYtgnzDrKYRSqf3OO6Rfa93xsRg=="
    },
    "has-property-descriptors@1.0.2": {
      "integrity": "sha512-55JNKuIW+vq4Ke1BjOTjM2YctQIvCT7GFzHwmfZPGo5wnrgkid0YQtnAleFSqumZm4az3n2BS+erby5ipJdgrg==",
      "dependencies": [
        "es-define-property"
      ]
    },
    "has-symbols@1.1.0": {
      "integrity": "sha512-1cDNdwJ2Jaohmb3sg4OmKaMBwuC48sYni5HUw2DvsC8LjGTLK9h+eb1X6RyuOHe4hT0ULCW68iomhjUoKUqlPQ=="
    },
    "has-tostringtag@1.0.2": {
      "integrity": "sha512-NqADB8VjPFLM2V0VvHUewwwsw0ZWBaIdgo+ieHtK3hasLz4qeCRjYcqfB6AQrBggRKppKF8L52/VqdVsO47Dlw==",
      "dependencies": [
        "has-symbols"
      ]
    },
    "hasown@2.0.2": {
      "integrity": "sha512-0hJU9SCPvmMzIBdZFqNPXWa6dqh7WdH0cII9y+CyS8rG3nL48Bclra9HmKhVVUHyPWNH5Y7xDwAB7bfgSjkUMQ==",
      "dependencies": [
        "function-bind"
      ]
    },
    "inherits@2.0.4": {
      "integrity": "sha512-k/vGaX4/Yla3WzyMCvTQOXYeIHvqOKtnqBduzTHpzpQZzAskKMhZ2K+EnBiSM9zGSoIFeMpXKxa4dYeZIQqewQ=="
    },
    "ipaddr.js@2.2.0": {
      "integrity": "sha512-Ag3wB2o37wslZS19hZqorUnrnzSkpOVy+IiiDEiTqNubEYpYuHWIf6K4psgN2ZWKExS4xhVCrRVfb/wfW8fWJA=="
    },
    "is-arguments@1.2.0": {
      "integrity": "sha512-7bVbi0huj/wrIAOzb8U1aszg9kdi3KN/CyU19CTI7tAoZYEZoL9yCDXpbXN+uPsuWnP02cyug1gleqq+TU+YCA==",
      "dependencies": [
        "call-bound",
        "has-tostringtag"
      ]
    },
    "is-callable@1.2.7": {
      "integrity": "sha512-1BC0BVFhS/p0qtw6enp8e+8OD0UrK0oFLztSjNzhcKA3WDuJxxAPXzPuPtKkjEY9UUoEWlX/8fgKeu2S8i9JTA=="
    },
    "is-generator-function@1.1.0": {
      "integrity": "sha512-nPUB5km40q9e8UfN/Zc24eLlzdSf9OfKByBw9CIdw4H1giPMeA0OIJvbchsCu4npfI2QcMVBsGEBHKZ7wLTWmQ==",
      "dependencies": [
        "call-bound",
        "get-proto",
        "has-tostringtag",
        "safe-regex-test"
      ]
    },
    "is-regex@1.2.1": {
      "integrity": "sha512-MjYsKHO5O7mCsmRGxWcLWheFqN9DJ/2TmngvjKXihe6efViPqc274+Fx/4fYj/r03+ESvBdTXK0V6tA3rgez1g==",
      "dependencies": [
        "call-bound",
        "gopd",
        "has-tostringtag",
        "hasown"
      ]
    },
    "is-typed-array@1.1.15": {
      "integrity": "sha512-p3EcsicXjit7SaskXHs1hA91QxgTw46Fv6EFKKGS5DRFLD8yKnohjF3hxoju94b/OcMZoQukzpPpBE9uLVKzgQ==",
      "dependencies": [
        "which-typed-array"
      ]
    },
    "jose@6.0.10": {
      "integrity": "sha512-skIAxZqcMkOrSwjJvplIPYrlXGpxTPnro2/QWTDCxAdWQrSTV5/KqspMWmi5WAx5+ULswASJiZ0a+1B/Lxt9cw=="
    },
    "lodash@4.17.21": {
      "integrity": "sha512-v2kDEe57lecTulaDIuNTPy3Ry4gLGJ6Z1O3vE1krgXZNrsQ+LFTGHVxVjcXPs17LhbZVGedAJv8XZ1tvj5FvSg=="
    },
    "math-intrinsics@1.1.0": {
      "integrity": "sha512-/IXtbwEk5HTPyEwyKX6hGkYXxM9nbj64B+ilVJnC/R6B0pH5G4V3b0pVbL7DBj4tkhBAppbQUlf6F6Xl9LHu1g=="
    },
    "mime-db@1.52.0": {
      "integrity": "sha512-sPU4uV7dYlvtWJxwwxHD0PuihVNiE7TyAbQ5SWxDCB9mUYvOgroQOwYQQOKPJ8CIbE+1ETVlOoK1UC2nU3gYvg=="
    },
    "mime-types@2.1.35": {
      "integrity": "sha512-ZDY+bPm5zTTF+YpCrAU9nK0UgICYPT0QtT1NZWFv4s++TNkcgVaT0g6+4R2uI4MjQjzysHB1zxuWL50hzaeXiw==",
      "dependencies": [
        "mime-db"
      ]
    },
    "minio@8.0.5": {
      "integrity": "sha512-/vAze1uyrK2R/DSkVutE4cjVoAowvIQ18RAwn7HrqnLecLlMazFnY0oNBqfuoAWvu7mZIGX75AzpuV05TJeoHg==",
      "dependencies": [
        "async",
        "block-stream2",
        "browser-or-node",
        "buffer-crc32",
        "eventemitter3",
        "fast-xml-parser",
        "ipaddr.js",
        "lodash",
        "mime-types",
        "query-string",
        "stream-json",
        "through2",
        "web-encoding",
        "xml2js"
      ]
    },
    "ms@2.1.3": {
      "integrity": "sha512-6FlzubTLZG3J2a/NVCAleEhjzq5oxgHyaCU9yYXvcLsvoVaHJq/s5xXI6/XXP6tz7R9xAOtHnSO/tXtF3WRTlA=="
    },
    "path-to-regexp@6.3.0": {
      "integrity": "sha512-Yhpw4T9C6hPpgPeA28us07OJeqZ5EzQTkbfwuhsUg0c237RomFoETJgmp2sa3F/41gfLE6G5cqcYwznmeEeOlQ=="
    },
    "possible-typed-array-names@1.1.0": {
      "integrity": "sha512-/+5VFTchJDoVj3bhoqi6UeymcD00DAwb1nJwamzPvHEszJ4FpF6SNNbUbOS8yI56qHzdV8eK0qEfOSiodkTdxg=="
    },
    "prisma@6.7.0": {
      "integrity": "sha512-vArg+4UqnQ13CVhc2WUosemwh6hr6cr6FY2uzDvCIFwH8pu8BXVv38PktoMLVjtX7sbYThxbnZF5YiR8sN2clw==",
      "dependencies": [
        "@prisma/config",
        "@prisma/engines"
      ],
      "optionalDependencies": [
        "fsevents"
      ],
      "optionalPeers": [
        "typescript@>=5.1.0"
      ],
      "scripts": true,
      "bin": true
    },
    "query-string@7.1.3": {
      "integrity": "sha512-hh2WYhq4fi8+b+/2Kg9CEge4fDPvHS534aOOvOZeQ3+Vf2mCFsaFBYj0i+iXcAq6I9Vzp5fjMFBlONvayDC1qg==",
      "dependencies": [
        "decode-uri-component",
        "filter-obj",
        "split-on-first",
        "strict-uri-encode"
      ]
    },
    "readable-stream@3.6.2": {
      "integrity": "sha512-9u/sniCrY3D5WdsERHzHE4G2YCXqoG5FTHUiCC4SIbr6XcLZBY05ya9EKjYek9O5xOAwjGq+1JdGBAS7Q9ScoA==",
      "dependencies": [
        "inherits",
        "string_decoder",
        "util-deprecate"
      ]
    },
    "safe-buffer@5.2.1": {
      "integrity": "sha512-rp3So07KcdmmKbGvgaNxQSJr7bGVSVk5S9Eq1F+ppbRo70+YeaDxkw5Dd8NPN+GD6bjnYm2VuPuCXmpuYvmCXQ=="
    },
    "safe-regex-test@1.1.0": {
      "integrity": "sha512-x/+Cz4YrimQxQccJf5mKEbIa1NzeCRNI5Ecl/ekmlYaampdNLPalVyIcCZNNH3MvmqBugV5TMYZXv0ljslUlaw==",
      "dependencies": [
        "call-bound",
        "es-errors",
        "is-regex"
      ]
    },
    "sax@1.4.1": {
      "integrity": "sha512-+aWOz7yVScEGoKNd4PA10LZ8sk0A/z5+nXQG5giUO5rprX9jgYsTdov9qCchZiPIZezbZH+jRut8nPodFAX4Jg=="
    },
    "set-function-length@1.2.2": {
      "integrity": "sha512-pgRc4hJ4/sNjWCSS9AmnS40x3bNMDTknHgL5UaMBTMyJnU90EgWh1Rz+MC9eFu4BuN/UwZjKQuY/1v3rM7HMfg==",
      "dependencies": [
        "define-data-property",
        "es-errors",
        "function-bind",
        "get-intrinsic",
        "gopd",
        "has-property-descriptors"
      ]
    },
    "split-on-first@1.1.0": {
      "integrity": "sha512-43ZssAJaMusuKWL8sKUBQXHWOpq8d6CfN/u1p4gUzfJkM05C8rxTmYrkIPTXapZpORA6LkkzcUulJ8FqA7Uudw=="
    },
    "stream-chain@2.2.5": {
      "integrity": "sha512-1TJmBx6aSWqZ4tx7aTpBDXK0/e2hhcNSTV8+CbFJtDjbb+I1mZ8lHit0Grw9GRT+6JbIrrDd8esncgBi8aBXGA=="
    },
    "stream-json@1.9.1": {
      "integrity": "sha512-uWkjJ+2Nt/LO9Z/JyKZbMusL8Dkh97uUBTv3AJQ74y07lVahLY4eEFsPsE97pxYBwr8nnjMAIch5eqI0gPShyw==",
      "dependencies": [
        "stream-chain"
      ]
    },
    "strict-uri-encode@2.0.0": {
      "integrity": "sha512-QwiXZgpRcKkhTj2Scnn++4PKtWsH0kpzZ62L2R6c/LUVYv7hVnZqcg2+sMuT6R7Jusu1vviK/MFsu6kNJfWlEQ=="
    },
    "string_decoder@1.3.0": {
      "integrity": "sha512-hkRX8U1WjJFd8LsDJ2yQ/wWWxaopEsABU1XfkM8A+j0+85JAGppt16cr1Whg6KIbb4okU6Mql6BOj+uup/wKeA==",
      "dependencies": [
        "safe-buffer"
      ]
    },
    "strnum@1.1.2": {
      "integrity": "sha512-vrN+B7DBIoTTZjnPNewwhx6cBA/H+IS7rfW68n7XxC1y7uoiGQBxaKzqucGUgavX15dJgiGztLJ8vxuEzwqBdA=="
    },
    "through2@4.0.2": {
      "integrity": "sha512-iOqSav00cVxEEICeD7TjLB1sueEL+81Wpzp2bY17uZjZN0pWZPuo4suZ/61VujxmqSGFfgOcNuTZ85QJwNZQpw==",
      "dependencies": [
        "readable-stream"
      ]
    },
    "undici-types@6.20.0": {
      "integrity": "sha512-Ny6QZ2Nju20vw1SRHe3d9jVu6gJ+4e3+MMpqu7pqE5HT6WsTSlce++GQmK5UXS8mzV8DSYHrQH+Xrf2jVcuKNg=="
    },
    "util-deprecate@1.0.2": {
      "integrity": "sha512-EPD5q1uXyFxJpCrLnCc1nHnq3gOa6DZBocAIiI2TaSCA7VCJ1UJDMagCzIkXNsUYfD1daK//LTEQ8xiIbrHtcw=="
    },
    "util@0.12.5": {
      "integrity": "sha512-kZf/K6hEIrWHI6XqOFUiiMa+79wE/D8Q+NCNAWclkyg3b4d2k7s0QGepNjiABc+aR3N1PAyHL7p6UcLY6LmrnA==",
      "dependencies": [
        "inherits",
        "is-arguments",
        "is-generator-function",
        "is-typed-array",
        "which-typed-array"
      ]
    },
    "web-encoding@1.1.5": {
      "integrity": "sha512-HYLeVCdJ0+lBYV2FvNZmv3HJ2Nt0QYXqZojk3d9FJOLkwnuhzM9tmamh8d7HPM8QqjKH8DeHkFTx+CFlWpZZDA==",
      "dependencies": [
        "util"
      ],
      "optionalDependencies": [
        "@zxing/text-encoding"
      ]
    },
    "which-typed-array@1.1.19": {
      "integrity": "sha512-rEvr90Bck4WZt9HHFC4DJMsjvu7x+r6bImz0/BrbWb7A2djJ8hnZMrWnHo9F8ssv0OMErasDhftrfROTyqSDrw==",
      "dependencies": [
        "available-typed-arrays",
        "call-bind",
        "call-bound",
        "for-each",
        "get-proto",
        "gopd",
        "has-tostringtag"
      ]
    },
    "xml2js@0.6.2": {
      "integrity": "sha512-T4rieHaC1EXcES0Kxxj4JWgaUQHDk+qwHcYOCFHfiwKz7tOVPLq7Hjq9dM1WCMhylqMEfP7hMcOIChvotiZegA==",
      "dependencies": [
        "sax",
        "xmlbuilder"
      ]
    },
    "xmlbuilder@11.0.1": {
      "integrity": "sha512-fDlsI/kFEx7gLvbecc0/ohLG50fugQp8ryHzMTuW9vSa1GJ0XYWKnhsUx7oie3G98+r56aTQIUB4kht42R3JvA=="
    }
  },
  "workspace": {
    "dependencies": [
      "jsr:@fhss-web-team/backend-utils@1",
      "jsr:@oak/oak@^17.1.4",
      "jsr:@std/dotenv@*",
      "jsr:@std/expect@^1.0.15",
      "jsr:@std/fmt@^1.0.5",
      "jsr:@std/path@^1.0.9",
      "jsr:@std/testing@^1.0.11",
      "npm:@faker-js/faker@^9.7.0",
      "npm:@prisma/client@^6.7.0",
      "npm:jose@^6.0.10",
      "npm:minio@^8.0.5",
      "npm:prisma@^6.7.0"
    ]
  }
}
